PODS:
  - AlertToast (1.2.0)
  - CocoaAsyncSocket (7.6.5)
  - ReSwift (5.0.0)
  - ReSwiftThunk (1.2.0):
    - ReSwift (~> 5.0)
    - ReSwiftThunk/Core (= 1.2.0)
  - ReSwiftThunk/Core (1.2.0):
    - ReSwift (~> 5.0)
  - TuyaSmartActivatorCoreKit (3.26.0-rc.3):
    - TuyaSmartDeviceCoreKit
  - TuyaSmartActivatorKit (3.24.2-rc.2):
    - TuyaSmartActivatorCoreKit
    - TuyaSmartDeviceKit
  - TuyaSmartBaseKit (3.26.0-rc.2):
    - TuyaSmartUtil
    - YYModel
  - TuyaSmartBLEKit (3.26.0-rc.7):
    - TuyaSmartBaseKit
    - TuyaSmartDeviceCoreKit
    - TYBluetooth (< 10.0)
  - TuyaSmartBLEMeshKit (3.26.0-rc.1):
    - TuyaSmartActivatorCoreKit
    - TuyaSmartBaseKit
    - TuyaSmartBLEKit
    - TuyaSmartDeviceCoreKit (>= 3.20.0)
    - TuyaSmartUtil
    - TYBluetooth (< 10.0)
  - TuyaSmartDeviceCoreKit (3.26.0-rc.2):
    - TuyaSmartBaseKit
    - TuyaSmartMQTTChannelKit
    - TuyaSmartSocketChannelKit
  - TuyaSmartDeviceKit (3.25.1-rc.1):
    - TuyaSmartBaseKit
    - TuyaSmartDeviceCoreKit (>= 3.21.0)
  - TuyaSmartFeedbackKit (3.26.0-rc.1):
    - TuyaSmartBaseKit
  - TuyaSmartMessageKit (3.26.0-rc.1):
    - TuyaSmartBaseKit
  - TuyaSmartMQTTChannelKit (3.26.0-rc.4):
    - TuyaSmartBaseKit
    - TuyaSmartQUIC
  - TuyaSmartQUIC (1.1.1)
  - TuyaSmartSceneKit (3.24.0-rc.3):
    - TuyaSmartBaseKit
    - TuyaSmartDeviceKit
  - TuyaSmartSocketChannelKit (3.26.0-rc.2):
    - CocoaAsyncSocket (>= 7.4.3)
    - TuyaSmartBaseKit
    - TuyaSmartUtil
  - TuyaSmartTimerKit (3.26.0-rc.1):
    - TuyaSmartBaseKit
    - TuyaSmartDeviceKit
  - TuyaSmartUtil (3.23.6)
  - TYBluetooth (3.26.0-rc.2)
  - YYModel (1.0.4)

DEPENDENCIES:
  - AlertToast
  - ReSwift (~> 5.0)
  - ReSwiftThunk (~> 1.2)
  - TuyaSmartActivatorCoreKit (from `../../../Tuya/TuyaSmartSDK/TuyaSmartActivatorCoreKit`)
  - TuyaSmartActivatorKit (from `../../../Tuya/TuyaSmartSDK/TuyaSmartActivatorKit`)
  - TuyaSmartBaseKit (from `../../../Tuya/TuyaSmartSDK/TuyaSmartBaseKit`)
  - TuyaSmartBLEKit (from `../../../Tuya/TuyaSmartSDK/TuyaSmartBLEKit`)
  - TuyaSmartBLEMeshKit (from `../../../Tuya/TuyaSmartSDK/TuyaSmartBLEMeshKit`)
  - TuyaSmartDeviceCoreKit (from `../../../Tuya/TuyaSmartSDK/TuyaSmartDeviceCoreKit`)
  - TuyaSmartDeviceKit (from `../../../Tuya/TuyaSmartSDK/TuyaSmartDeviceKit`)
  - TuyaSmartFeedbackKit (from `../../../Tuya/TuyaSmartSDK/TuyaSmartFeedbackKit`)
  - TuyaSmartMessageKit (from `../../../Tuya/TuyaSmartSDK/TuyaSmartMessageKit`)
  - TuyaSmartMQTTChannelKit (from `../../../Tuya/TuyaSmartSDK/TuyaSmartMQTTChannelKit`)
  - TuyaSmartSceneKit (from `../../../Tuya/TuyaSmartSDK/TuyaSmartSceneKit`)
  - TuyaSmartSocketChannelKit (from `../../../Tuya/TuyaSmartSDK/TuyaSmartSocketChannelKit`)
  - TuyaSmartTimerKit (from `../../../Tuya/TuyaSmartSDK/TuyaSmartTimerKit`)
  - TuyaSmartUtil (from `../../../Tuya/TuyaSmartSDK/TuyaSmartUtil`)
  - TYBluetooth (from `../../../Tuya/TuyaSmartSDK/TYBluetooth`)

SPEC REPOS:
  trunk:
    - AlertToast
    - CocoaAsyncSocket
    - ReSwift
    - ReSwiftThunk
    - TuyaSmartQUIC
    - YYModel

EXTERNAL SOURCES:
  TuyaSmartActivatorCoreKit:
    :path: "../../../Tuya/TuyaSmartSDK/TuyaSmartActivatorCoreKit"
  TuyaSmartActivatorKit:
    :path: "../../../Tuya/TuyaSmartSDK/TuyaSmartActivatorKit"
  TuyaSmartBaseKit:
    :path: "../../../Tuya/TuyaSmartSDK/TuyaSmartBaseKit"
  TuyaSmartBLEKit:
    :path: "../../../Tuya/TuyaSmartSDK/TuyaSmartBLEKit"
  TuyaSmartBLEMeshKit:
    :path: "../../../Tuya/TuyaSmartSDK/TuyaSmartBLEMeshKit"
  TuyaSmartDeviceCoreKit:
    :path: "../../../Tuya/TuyaSmartSDK/TuyaSmartDeviceCoreKit"
  TuyaSmartDeviceKit:
    :path: "../../../Tuya/TuyaSmartSDK/TuyaSmartDeviceKit"
  TuyaSmartFeedbackKit:
    :path: "../../../Tuya/TuyaSmartSDK/TuyaSmartFeedbackKit"
  TuyaSmartMessageKit:
    :path: "../../../Tuya/TuyaSmartSDK/TuyaSmartMessageKit"
  TuyaSmartMQTTChannelKit:
    :path: "../../../Tuya/TuyaSmartSDK/TuyaSmartMQTTChannelKit"
  TuyaSmartSceneKit:
    :path: "../../../Tuya/TuyaSmartSDK/TuyaSmartSceneKit"
  TuyaSmartSocketChannelKit:
    :path: "../../../Tuya/TuyaSmartSDK/TuyaSmartSocketChannelKit"
  TuyaSmartTimerKit:
    :path: "../../../Tuya/TuyaSmartSDK/TuyaSmartTimerKit"
  TuyaSmartUtil:
    :path: "../../../Tuya/TuyaSmartSDK/TuyaSmartUtil"
  TYBluetooth:
    :path: "../../../Tuya/TuyaSmartSDK/TYBluetooth"

SPEC CHECKSUMS:
  AlertToast: 6abc6752560818c044c1d9674dc3c43a21c465d6
  CocoaAsyncSocket: 065fd1e645c7abab64f7a6a2007a48038fdc6a99
  ReSwift: 628f1a9b3ee52e3b3ca2a644435472fd77afafe1
  ReSwiftThunk: 23c8ea9092d9dc94b72005f19352dbd37fa42533
  TuyaSmartActivatorCoreKit: 2a1bc6b9f87cdfb9ec92d7b42dd1fc7fbebd9656
  TuyaSmartActivatorKit: e39caa0e8200e71ad27936ff9624580be8b09518
  TuyaSmartBaseKit: 1184b02773ac51b8c7524ae88653e2b3bb55c169
  TuyaSmartBLEKit: cb1b3ab7139cc8c7a0870299405aa06425cb5f6a
  TuyaSmartBLEMeshKit: 1bf37e3899b46db9f08de95c181568a5e835056b
  TuyaSmartDeviceCoreKit: 0e92c02c66dde9f04c9f1a4a6d261d9f4692ae50
  TuyaSmartDeviceKit: 3df269828d727748853a06a1063222e1572e29d6
  TuyaSmartFeedbackKit: d006819d43535e1550afc85b155f1a24d9b05f30
  TuyaSmartMessageKit: db64fed5ec778564d6b4b41617c82a603d3d5c76
  TuyaSmartMQTTChannelKit: 0eda2f40c283a730208e5f5b9a9e7fa805968a69
  TuyaSmartQUIC: 5bb81563fedf5b739ac50a5abbf42ec807cfb64b
  TuyaSmartSceneKit: 98447c8d6b5229406ed3c6675f4c4ff1417294bd
  TuyaSmartSocketChannelKit: 77e7371e4899a50ab6514dd7fb69958c08d729c3
  TuyaSmartTimerKit: 60085e43dc31ec963747bb5353faa52220757fe6
  TuyaSmartUtil: a8a9166cb8233bbd68563491d6c02d2a57ff4447
  TYBluetooth: 8f53fc3eab096eaec296cfa2bb64e338910b86bd
  YYModel: 2a7fdd96aaa4b86a824e26d0c517de8928c04b30

PODFILE CHECKSUM: d51219f23bd722dd245974859a3e8fcdd2b46523

COCOAPODS: 1.9.3
